
Microsoft Visual Studio Solution File, Format Version 12.00
# Visual Studio Version 16
VisualStudioVersion = 16.0.30114.105
MinimumVisualStudioVersion = 10.0.40219.1
Project("{2150E333-8FDC-42A3-9474-1A3956D46DE8}") = "src", "src", "{B4C06C9B-82BE-4142-AEA5-E3EB1F4DF74A}"
EndProject
Project("{FAE04EC0-301F-11D3-BF4B-00C04F79EFBC}") = "SimpleAPI", "src\SimpleAPI\SimpleAPI.csproj", "{0641B172-E6BB-4D20-B21F-BFF0A8FFA611}"
EndProject
Project("{2150E333-8FDC-42A3-9474-1A3956D46DE8}") = "test", "test", "{674FCD25-33C3-419D-9874-8AA8B311B373}"
EndProject
Project("{FAE04EC0-301F-11D3-BF4B-00C04F79EFBC}") = "SimpleAPI.Test", "test\SimpleAPI.Test\SimpleAPI.Test.csproj", "{127CD679-51DD-4119-84EE-193FC561B3AD}"
EndProject
Global
	GlobalSection(SolutionConfigurationPlatforms) = preSolution
		Debug|Any CPU = Debug|Any CPU
		Release|Any CPU = Release|Any CPU
	EndGlobalSection
	GlobalSection(SolutionProperties) = preSolution
		HideSolutionNode = FALSE
	EndGlobalSection
	GlobalSection(ProjectConfigurationPlatforms) = postSolution
		{0641B172-E6BB-4D20-B21F-BFF0A8FFA611}.Debug|Any CPU.ActiveCfg = Debug|Any CPU
		{0641B172-E6BB-4D20-B21F-BFF0A8FFA611}.Debug|Any CPU.Build.0 = Debug|Any CPU
		{0641B172-E6BB-4D20-B21F-BFF0A8FFA611}.Release|Any CPU.ActiveCfg = Release|Any CPU
		{0641B172-E6BB-4D20-B21F-BFF0A8FFA611}.Release|Any CPU.Build.0 = Release|Any CPU
		{127CD679-51DD-4119-84EE-193FC561B3AD}.Debug|Any CPU.ActiveCfg = Debug|Any CPU
		{127CD679-51DD-4119-84EE-193FC561B3AD}.Debug|Any CPU.Build.0 = Debug|Any CPU
		{127CD679-51DD-4119-84EE-193FC561B3AD}.Release|Any CPU.ActiveCfg = Release|Any CPU
		{127CD679-51DD-4119-84EE-193FC561B3AD}.Release|Any CPU.Build.0 = Release|Any CPU
	EndGlobalSection
	GlobalSection(NestedProjects) = preSolution
		{0641B172-E6BB-4D20-B21F-BFF0A8FFA611} = {B4C06C9B-82BE-4142-AEA5-E3EB1F4DF74A}
		{127CD679-51DD-4119-84EE-193FC561B3AD} = {674FCD25-33C3-419D-9874-8AA8B311B373}
	EndGlobalSection
EndGlobal
